// !$*UTF8*$!
{
	archiveVersion = 1;
	classes = {
	};
	objectVersion = 46;
	objects = {

/* Begin PBXBuildFile section */
		94A8B6D81E8E36BD00A593AD /* AppDelegate.swift in Sources */ = {isa = PBXBuildFile; fileRef = 94A8B6D71E8E36BD00A593AD /* AppDelegate.swift */; };
		94A8B6DA1E8E36BD00A593AD /* ViewController.swift in Sources */ = {isa = PBXBuildFile; fileRef = 94A8B6D91E8E36BD00A593AD /* ViewController.swift */; };
		94A8B6DD1E8E36BD00A593AD /* Main.storyboard in Resources */ = {isa = PBXBuildFile; fileRef = 94A8B6DB1E8E36BD00A593AD /* Main.storyboard */; };
		94A8B6E01E8E36BD00A593AD /* TableViewTips.xcdatamodeld in Sources */ = {isa = PBXBuildFile; fileRef = 94A8B6DE1E8E36BD00A593AD /* TableViewTips.xcdatamodeld */; };
		94A8B6E21E8E36BE00A593AD /* Assets.xcassets in Resources */ = {isa = PBXBuildFile; fileRef = 94A8B6E11E8E36BE00A593AD /* Assets.xcassets */; };
		94A8B6E51E8E36BE00A593AD /* LaunchScreen.storyboard in Resources */ = {isa = PBXBuildFile; fileRef = 94A8B6E31E8E36BE00A593AD /* LaunchScreen.storyboard */; };
/* End PBXBuildFile section */

/* Begin PBXFileReference section */
		94A8B6D41E8E36BD00A593AD /* TableViewTips.app */ = {isa = PBXFileReference; explicitFileType = wrapper.application; includeInIndex = 0; path = TableViewTips.app; sourceTree = BUILT_PRODUCTS_DIR; };
		94A8B6D71E8E36BD00A593AD /* AppDelegate.swift */ = {isa = PBXFileReference; lastKnownFileType = sourcecode.swift; path = AppDelegate.swift; sourceTree = "<group>"; };
		94A8B6D91E8E36BD00A593AD /* ViewController.swift */ = {isa = PBXFileReference; lastKnownFileType = sourcecode.swift; path = ViewController.swift; sourceTree = "<group>"; };
		94A8B6DC1E8E36BD00A593AD /* Base */ = {isa = PBXFileReference; lastKnownFileType = file.storyboard; name = Base; path = Base.lproj/Main.storyboard; sourceTree = "<group>"; };
		94A8B6DF1E8E36BD00A593AD /* TableViewTips.xcdatamodel */ = {isa = PBXFileReference; lastKnownFileType = wrapper.xcdatamodel; path = TableViewTips.xcdatamodel; sourceTree = "<group>"; };
		94A8B6E11E8E36BE00A593AD /* Assets.xcassets */ = {isa = PBXFileReference; lastKnownFileType = folder.assetcatalog; path = Assets.xcassets; sourceTree = "<group>"; };
		94A8B6E41E8E36BE00A593AD /* Base */ = {isa = PBXFileReference; lastKnownFileType = file.storyboard; name = Base; path = Base.lproj/LaunchScreen.storyboard; sourceTree = "<group>"; };
		94A8B6E61E8E36BE00A593AD /* Info.plist */ = {isa = PBXFileReference; lastKnownFileType = text.plist.xml; path = Info.plist; sourceTree = "<group>"; };
/* End PBXFileReference section */

/* Begin PBXFrameworksBuildPhase section */
		94A8B6D11E8E36BD00A593AD /* Frameworks */ = {
			isa = PBXFrameworksBuildPhase;
			buildActionMask = 2147483647;
			files = (
			);
			runOnlyForDeploymentPostprocessing = 0;
		};
/* End PBXFrameworksBuildPhase section */

/* Begin PBXGroup section */
		94A8B6CB1E8E36BD00A593AD = {
			isa = PBXGroup;
			children = (
				94A8B6D61E8E36BD00A593AD /* TableViewTips */,
				94A8B6D51E8E36BD00A593AD /* Products */,
			);
			sourceTree = "<group>";
		};
		94A8B6D51E8E36BD00A593AD /* Products */ = {
			isa = PBXGroup;
			children = (
				94A8B6D41E8E36BD00A593AD /* TableViewTips.app */,
			);
			name = Products;
			sourceTree = "<group>";
		};
		94A8B6D61E8E36BD00A593AD /* TableViewTips */ = {
			isa = PBXGroup;
			children = (
				94A8B6D71E8E36BD00A593AD /* AppDelegate.swift */,
				94A8B6D91E8E36BD00A593AD /* ViewController.swift */,
				94A8B6DB1E8E36BD00A593AD /* Main.storyboard */,
				94A8B6E11E8E36BE00A593AD /* Assets.xcassets */,
				94A8B6E31E8E36BE00A593AD /* LaunchScreen.storyboard */,
				94A8B6E61E8E36BE00A593AD /* Info.plist */,
				94A8B6DE1E8E36BD00A593AD /* TableViewTips.xcdatamodeld */,
			);
			path = TableViewTips;
			sourceTree = "<group>";
		};
/* End PBXGroup section */

/* Begin PBXNativeTarget section */
		94A8B6D31E8E36BD00A593AD /* TableViewTips */ = {
			isa = PBXNativeTarget;
			buildConfigurationList = 94A8B6E91E8E36BE00A593AD /* Build configuration list for PBXNativeTarget "TableViewTips" */;
			buildPhases = (
				94A8B6D01E8E36BD00A593AD /* Sources */,
				94A8B6D11E8E36BD00A593AD /* Frameworks */,
				94A8B6D21E8E36BD00A593AD /* Resources */,
			);
			buildRules = (
			);
			dependencies = (
			);
			name = TableViewTips;
			productName = TableViewTips;
			productReference = 94A8B6D41E8E36BD00A593AD /* TableViewTips.app */;
			productType = "com.apple.product-type.application";
		};
/* End PBXNativeTarget section */

/* Begin PBXProject section */
		94A8B6CC1E8E36BD00A593AD /* Project object */ = {
			isa = PBXProject;
			attributes = {
				LastSwiftUpdateCheck = 0820;
				LastUpgradeCheck = 0820;
				ORGANIZATIONNAME = ibuildtek;
				TargetAttributes = {
					94A8B6D31E8E36BD00A593AD = {
						CreatedOnToolsVersion = 8.2.1;
						DevelopmentTeam = RS5VVQU2Q4;
						ProvisioningStyle = Automatic;
					};
				};
			};
			buildConfigurationList = 94A8B6CF1E8E36BD00A593AD /* Build configuration list for PBXProject "TableViewTips" */;
			compatibilityVersion = "Xcode 3.2";
			developmentRegion = English;
			hasScannedForEncodings = 0;
			knownRegions = (
				en,
				Base,
			);
			mainGroup = 94A8B6CB1E8E36BD00A593AD;
			productRefGroup = 94A8B6D51E8E36BD00A593AD /* Products */;
			projectDirPath = "";
			projectRoot = "";
			targets = (
				94A8B6D31E8E36BD00A593AD /* TableViewTips */,
			);
		};
/* End PBXProject section */

/* Begin PBXResourcesBuildPhase section */
		94A8B6D21E8E36BD00A593AD /* Resources */ = {
			isa = PBXResourcesBuildPhase;
			buildActionMask = 2147483647;
			files = (
				94A8B6E51E8E36BE00A593AD /* LaunchScreen.storyboard in Resources */,
				94A8B6E21E8E36BE00A593AD /* Assets.xcassets in Resources */,
				94A8B6DD1E8E36BD00A593AD /* Main.storyboard in Resources */,
			);
			runOnlyForDeploymentPostprocessing = 0;
		};
/* End PBXResourcesBuildPhase section */

/* Begin PBXSourcesBuildPhase section */
		94A8B6D01E8E36BD00A593AD /* Sources */ = {
			isa = PBXSourcesBuildPhase;
			buildActionMask = 2147483647;
			files = (
				94A8B6DA1E8E36BD00A593AD /* ViewController.swift in Sources */,
				94A8B6D81E8E36BD00A593AD /* AppDelegate.swift in Sources */,
				94A8B6E01E8E36BD00A593AD /* TableViewTips.xcdatamodeld in Sources */,
			);
			runOnlyForDeploymentPostprocessing = 0;
		};
/* End PBXSourcesBuildPhase section */

/* Begin PBXVariantGroup section */
		94A8B6DB1E8E36BD00A593AD /* Main.storyboard */ = {
			isa = PBXVariantGroup;
			children = (
				94A8B6DC1E8E36BD00A593AD /* Base */,
			);
			name = Main.storyboard;
			sourceTree = "<group>";
		};
		94A8B6E31E8E36BE00A593AD /* LaunchScreen.storyboard */ = {
			isa = PBXVariantGroup;
			children = (
				94A8B6E41E8E36BE00A593AD /* Base */,
			);
			name = LaunchScreen.storyboard;
			sourceTree = "<group>";
		};
/* End PBXVariantGroup section */

/* Begin XCBuildConfiguration section */
		94A8B6E71E8E36BE00A593AD /* Debug */ = {
			isa = XCBuildConfiguration;
			buildSettings = {
				ALWAYS_SEARCH_USER_PATHS = NO;
				CLANG_ANALYZER_NONNULL = YES;
				CLANG_CXX_LANGUAGE_STANDARD = "gnu++0x";
				CLANG_CXX_LIBRARY = "libc++";
				CLANG_ENABLE_MODULES = YES;
				CLANG_ENABLE_OBJC_ARC = YES;
				CLANG_WARN_BOOL_CONVERSION = YES;
				CLANG_WARN_CONSTANT_CONVERSION = YES;
				CLANG_WARN_DIRECT_OBJC_ISA_USAGE = YES_ERROR;
				CLANG_WARN_DOCUMENTATION_COMMENTS = YES;
				CLANG_WARN_EMPTY_BODY = YES;
				CLANG_WARN_ENUM_CONVERSION = YES;
				CLANG_WARN_INFINITE_RECURSION = YES;
				CLANG_WARN_INT_CONVERSION = YES;
				CLANG_WARN_OBJC_ROOT_CLASS = YES_ERROR;
				CLANG_WARN_SUSPICIOUS_MOVE = YES;
				CLANG_WARN_UNREACHABLE_CODE = YES;
				CLANG_WARN__DUPLICATE_METHOD_MATCH = YES;
				"CODE_SIGN_IDENTITY[sdk=iphoneos*]" = "iPhone Developer";
				COPY_PHASE_STRIP = NO;
				DEBUG_INFORMATION_FORMAT = dwarf;
				ENABLE_STRICT_OBJC_MSGSEND = YES;
				ENABLE_TESTABILITY = YES;
				GCC_C_LANGUAGE_STANDARD = gnu99;
				GCC_DYNAMIC_NO_PIC = NO;
				GCC_NO_COMMON_BLOCKS = YES;
				GCC_OPTIMIZATION_LEVEL = 0;
				GCC_PREPROCESSOR_DEFINITIONS = (
					"DEBUG=1",
					"$(inherited)",
				);
				GCC_WARN_64_TO_32_BIT_CONVERSION = YES;
				GCC_WARN_ABOUT_RETURN_TYPE = YES_ERROR;
				GCC_WARN_UNDECLARED_SELECTOR = YES;
				GCC_WARN_UNINITIALIZED_AUTOS = YES_AGGRESSIVE;
				GCC_WARN_UNUSED_FUNCTION = YES;
				GCC_WARN_UNUSED_VARIABLE = YES;
				IPHONEOS_DEPLOYMENT_TARGET = 10.2;
				MTL_ENABLE_DEBUG_INFO = YES;
				ONLY_ACTIVE_ARCH = YES;
				SDKROOT = iphoneos;
				SWIFT_ACTIVE_COMPILATION_CONDITIONS = DEBUG;
				SWIFT_OPTIMIZATION_LEVEL = "-Onone";
				TARGETED_DEVICE_FAMILY = "1,2";
			};
			name = Debug;
		};
		94A8B6E81E8E36BE00A593AD /* Release */ = {
			isa = XCBuildConfiguration;
			buildSettings = {
				ALWAYS_SEARCH_USER_PATHS = NO;
				CLANG_ANALYZER_NONNULL = YES;
				CLANG_CXX_LANGUAGE_STANDARD = "gnu++0x";
				CLANG_CXX_LIBRARY = "libc++";
				CLANG_ENABLE_MODULES = YES;
				CLANG_ENABLE_OBJC_ARC = YES;
				CLANG_WARN_BOOL_CONVERSION = YES;
				CLANG_WARN_CONSTANT_CONVERSION = YES;
				CLANG_WARN_DIRECT_OBJC_ISA_USAGE = YES_ERROR;
				CLANG_WARN_DOCUMENTATION_COMMENTS = YES;
				CLANG_WARN_EMPTY_BODY = YES;
				CLANG_WARN_ENUM_CONVERSION = YES;
				CLANG_WARN_INFINITE_RECURSION = YES;
				CLANG_WARN_INT_CONVERSION = YES;
				CLANG_WARN_OBJC_ROOT_CLASS = YES_ERROR;
				CLANG_WARN_SUSPICIOUS_MOVE = YES;
				CLANG_WARN_UNREACHABLE_CODE = YES;
				CLANG_WARN__DUPLICATE_METHOD_MATCH = YES;
				"CODE_SIGN_IDENTITY[sdk=iphoneos*]" = "iPhone Developer";
				COPY_PHASE_STRIP = NO;
				DEBUG_INFORMATION_FORMAT = "dwarf-with-dsym";
				ENABLE_NS_ASSERTIONS = NO;
				ENABLE_STRICT_OBJC_MSGSEND = YES;
				GCC_C_LANGUAGE_STANDARD = gnu99;
				GCC_NO_COMMON_BLOCKS = YES;
				GCC_WARN_64_TO_32_BIT_CONVERSION = YES;
				GCC_WARN_ABOUT_RETURN_TYPE = YES_ERROR;
				GCC_WARN_UNDECLARED_SELECTOR = YES;
				GCC_WARN_UNINITIALIZED_AUTOS = YES_AGGRESSIVE;
				GCC_WARN_UNUSED_FUNCTION = YES;
				GCC_WARN_UNUSED_VARIABLE = YES;
				IPHONEOS_DEPLOYMENT_TARGET = 10.2;
				MTL_ENABLE_DEBUG_INFO = NO;
				SDKROOT = iphoneos;
				SWIFT_OPTIMIZATION_LEVEL = "-Owholemodule";
				TARGETED_DEVICE_FAMILY = "1,2";
				VALIDATE_PRODUCT = YES;
			};
			name = Release;
		};
		94A8B6EA1E8E36BE00A593AD /* Debug */ = {
			isa = XCBuildConfiguration;
			buildSettings = {
				ASSETCATALOG_COMPILER_APPICON_NAME = AppIcon;
				DEVELOPMENT_TEAM = RS5VVQU2Q4;
				INFOPLIST_FILE = TableViewTips/Info.plist;
				LD_RUNPATH_SEARCH_PATHS = "$(inherited) @executable_path/Frameworks";
				PRODUCT_BUNDLE_IDENTIFIER = com.ibuildtek.TableViewTips;
				PRODUCT_NAME = "$(TARGET_NAME)";
				SWIFT_VERSION = 3.0;
			};
			name = Debug;
		};
		94A8B6EB1E8E36BE00A593AD /* Release */ = {
			isa = XCBuildConfiguration;
			buildSettings = {
				ASSETCATALOG_COMPILER_APPICON_NAME = AppIcon;
				DEVELOPMENT_TEAM = RS5VVQU2Q4;
				INFOPLIST_FILE = TableViewTips/Info.plist;
				LD_RUNPATH_SEARCH_PATHS = "$(inherited) @executable_path/Frameworks";
				PRODUCT_BUNDLE_IDENTIFIER = com.ibuildtek.TableViewTips;
				PRODUCT_NAME = "$(TARGET_NAME)";
				SWIFT_VERSION = 3.0;
			};
			name = Release;
		};
/* End XCBuildConfiguration section */

/* Begin XCConfigurationList section */
		94A8B6CF1E8E36BD00A593AD /* Build configuration list for PBXProject "TableViewTips" */ = {
			isa = XCConfigurationList;
			buildConfigurations = (
				94A8B6E71E8E36BE00A593AD /* Debug */,
				94A8B6E81E8E36BE00A593AD /* Release */,
			);
			defaultConfigurationIsVisible = 0;
			defaultConfigurationName = Release;
		};
		94A8B6E91E8E36BE00A593AD /* Build configuration list for PBXNativeTarget "TableViewTips" */ = {
			isa = XCConfigurationList;
			buildConfigurations = (
				94A8B6EA1E8E36BE00A593AD /* Debug */,
				94A8B6EB1E8E36BE00A593AD /* Release */,
			);
			defaultConfigurationIsVisible = 0;
		};
/* End XCConfigurationList section */

/* Begin XCVersionGroup section */
		94A8B6DE1E8E36BD00A593AD /* TableViewTips.xcdatamodeld */ = {
			isa = XCVersionGroup;
			children = (
				94A8B6DF1E8E36BD00A593AD /* TableViewTips.xcdatamodel */,
			);
			currentVersion = 94A8B6DF1E8E36BD00A593AD /* TableViewTips.xcdatamodel */;
			path = TableViewTips.xcdatamodeld;
			sourceTree = "<group>";
			versionGroupType = wrapper.xcdatamodel;
		};
/* End XCVersionGroup section */
	};
	rootObject = 94A8B6CC1E8E36BD00A593AD /* Project object */;
}
