// !$*UTF8*$!
{
	archiveVersion = 1;
	classes = {
	};
	objectVersion = 46;
	objects = {

/* Begin PBXBuildFile section */
		1DE3E7E74D3099238209524E /* Pods_Swift_DX.framework in Frameworks */ = {isa = PBXBuildFile; fileRef = 5E4EB947B77BEF19ED1362B3 /* Pods_Swift_DX.framework */; };
		946C07921E7BEA410018B403 /* AppDelegate.swift in Sources */ = {isa = PBXBuildFile; fileRef = 946C07911E7BEA410018B403 /* AppDelegate.swift */; };
		946C07941E7BEA410018B403 /* ViewController.swift in Sources */ = {isa = PBXBuildFile; fileRef = 946C07931E7BEA410018B403 /* ViewController.swift */; };
		946C07971E7BEA410018B403 /* Main.storyboard in Resources */ = {isa = PBXBuildFile; fileRef = 946C07951E7BEA410018B403 /* Main.storyboard */; };
		946C079A1E7BEA410018B403 /* Swift_DX.xcdatamodeld in Sources */ = {isa = PBXBuildFile; fileRef = 946C07981E7BEA410018B403 /* Swift_DX.xcdatamodeld */; };
		946C079C1E7BEA410018B403 /* Assets.xcassets in Resources */ = {isa = PBXBuildFile; fileRef = 946C079B1E7BEA410018B403 /* Assets.xcassets */; };
		946C079F1E7BEA410018B403 /* LaunchScreen.storyboard in Resources */ = {isa = PBXBuildFile; fileRef = 946C079D1E7BEA410018B403 /* LaunchScreen.storyboard */; };
		946C07B51E7BEA410018B403 /* Swift_DXUITests.swift in Sources */ = {isa = PBXBuildFile; fileRef = 946C07B41E7BEA410018B403 /* Swift_DXUITests.swift */; };
		946C07C51E7BEA6B0018B403 /* DXBaseViewController.swift in Sources */ = {isa = PBXBuildFile; fileRef = 946C07C31E7BEA6B0018B403 /* DXBaseViewController.swift */; };
		946C07C61E7BEA6B0018B403 /* DXTabBarController.swift in Sources */ = {isa = PBXBuildFile; fileRef = 946C07C41E7BEA6B0018B403 /* DXTabBarController.swift */; };
		946C07E91E7BEA730018B403 /* DXLoadingComponent.swift in Sources */ = {isa = PBXBuildFile; fileRef = 946C07C91E7BEA730018B403 /* DXLoadingComponent.swift */; };
		946C07EA1E7BEA730018B403 /* DXLoadingComponent.xib in Resources */ = {isa = PBXBuildFile; fileRef = 946C07CA1E7BEA730018B403 /* DXLoadingComponent.xib */; };
		946C07EB1E7BEA730018B403 /* DXLoadingHUD.swift in Sources */ = {isa = PBXBuildFile; fileRef = 946C07CB1E7BEA730018B403 /* DXLoadingHUD.swift */; };
		946C07EC1E7BEA730018B403 /* DropDownRefreshCenter@2x.png in Resources */ = {isa = PBXBuildFile; fileRef = 946C07CE1E7BEA730018B403 /* DropDownRefreshCenter@2x.png */; };
		946C07ED1E7BEA730018B403 /* DropDownRefreshCenter@3x.png in Resources */ = {isa = PBXBuildFile; fileRef = 946C07CF1E7BEA730018B403 /* DropDownRefreshCenter@3x.png */; };
		946C07EE1E7BEA730018B403 /* DropDownRefreshLine1@2x.png in Resources */ = {isa = PBXBuildFile; fileRef = 946C07D01E7BEA730018B403 /* DropDownRefreshLine1@2x.png */; };
		946C07EF1E7BEA730018B403 /* DropDownRefreshLine1@3x.png in Resources */ = {isa = PBXBuildFile; fileRef = 946C07D11E7BEA730018B403 /* DropDownRefreshLine1@3x.png */; };
		946C07F01E7BEA730018B403 /* DropDownRefreshLine2@2x.png in Resources */ = {isa = PBXBuildFile; fileRef = 946C07D21E7BEA730018B403 /* DropDownRefreshLine2@2x.png */; };
		946C07F11E7BEA730018B403 /* DropDownRefreshLine2@3x.png in Resources */ = {isa = PBXBuildFile; fileRef = 946C07D31E7BEA730018B403 /* DropDownRefreshLine2@3x.png */; };
		946C07F21E7BEA740018B403 /* DropDownRefreshLine3@2x.png in Resources */ = {isa = PBXBuildFile; fileRef = 946C07D41E7BEA730018B403 /* DropDownRefreshLine3@2x.png */; };
		946C07F31E7BEA740018B403 /* DropDownRefreshLine3@3x.png in Resources */ = {isa = PBXBuildFile; fileRef = 946C07D51E7BEA730018B403 /* DropDownRefreshLine3@3x.png */; };
		946C07F41E7BEA740018B403 /* DropDownRefreshLine4@2x.png in Resources */ = {isa = PBXBuildFile; fileRef = 946C07D61E7BEA730018B403 /* DropDownRefreshLine4@2x.png */; };
		946C07F51E7BEA740018B403 /* DropDownRefreshLine4@3x.png in Resources */ = {isa = PBXBuildFile; fileRef = 946C07D71E7BEA730018B403 /* DropDownRefreshLine4@3x.png */; };
		946C07F61E7BEA740018B403 /* DropDownRefreshOval1@2x.png in Resources */ = {isa = PBXBuildFile; fileRef = 946C07D81E7BEA730018B403 /* DropDownRefreshOval1@2x.png */; };
		946C07F71E7BEA740018B403 /* DropDownRefreshOval1@3x.png in Resources */ = {isa = PBXBuildFile; fileRef = 946C07D91E7BEA730018B403 /* DropDownRefreshOval1@3x.png */; };
		946C07F81E7BEA740018B403 /* DropDownRefreshOval2@2x.png in Resources */ = {isa = PBXBuildFile; fileRef = 946C07DA1E7BEA730018B403 /* DropDownRefreshOval2@2x.png */; };
		946C07F91E7BEA740018B403 /* DropDownRefreshOval2@3x.png in Resources */ = {isa = PBXBuildFile; fileRef = 946C07DB1E7BEA730018B403 /* DropDownRefreshOval2@3x.png */; };
		946C07FA1E7BEA740018B403 /* DropDownRefreshOval3@2x.png in Resources */ = {isa = PBXBuildFile; fileRef = 946C07DC1E7BEA730018B403 /* DropDownRefreshOval3@2x.png */; };
		946C07FB1E7BEA740018B403 /* DropDownRefreshOval3@3x.png in Resources */ = {isa = PBXBuildFile; fileRef = 946C07DD1E7BEA730018B403 /* DropDownRefreshOval3@3x.png */; };
		946C07FC1E7BEA740018B403 /* DropDownRefreshOval4@2x.png in Resources */ = {isa = PBXBuildFile; fileRef = 946C07DE1E7BEA730018B403 /* DropDownRefreshOval4@2x.png */; };
		946C07FD1E7BEA740018B403 /* DropDownRefreshOval4@3x.png in Resources */ = {isa = PBXBuildFile; fileRef = 946C07DF1E7BEA730018B403 /* DropDownRefreshOval4@3x.png */; };
		946C07FE1E7BEA740018B403 /* Networkloading.png in Resources */ = {isa = PBXBuildFile; fileRef = 946C07E01E7BEA730018B403 /* Networkloading.png */; };
		946C07FF1E7BEA740018B403 /* FFTableViewExtension.swift in Sources */ = {isa = PBXBuildFile; fileRef = 946C07E21E7BEA730018B403 /* FFTableViewExtension.swift */; };
		946C08001E7BEA740018B403 /* StringExtension.swift in Sources */ = {isa = PBXBuildFile; fileRef = 946C07E31E7BEA730018B403 /* StringExtension.swift */; };
		946C08011E7BEA740018B403 /* SwiftHEXColors.swift in Sources */ = {isa = PBXBuildFile; fileRef = 946C07E41E7BEA730018B403 /* SwiftHEXColors.swift */; };
		946C08021E7BEA740018B403 /* UIBarExtension.swift in Sources */ = {isa = PBXBuildFile; fileRef = 946C07E51E7BEA730018B403 /* UIBarExtension.swift */; };
		946C08031E7BEA740018B403 /* UIViewExtension.swift in Sources */ = {isa = PBXBuildFile; fileRef = 946C07E61E7BEA730018B403 /* UIViewExtension.swift */; };
		946C08041E7BEA740018B403 /* DXClient.swift in Sources */ = {isa = PBXBuildFile; fileRef = 946C07E81E7BEA730018B403 /* DXClient.swift */; };
		946C080B1E7BEA7A0018B403 /* DXAskDoctorViewController.swift in Sources */ = {isa = PBXBuildFile; fileRef = 946C08071E7BEA7A0018B403 /* DXAskDoctorViewController.swift */; };
		946C080C1E7BEA7A0018B403 /* DXHomeViewController.swift in Sources */ = {isa = PBXBuildFile; fileRef = 946C08081E7BEA7A0018B403 /* DXHomeViewController.swift */; };
		946C080D1E7BEA7A0018B403 /* DXWebViewController.swift in Sources */ = {isa = PBXBuildFile; fileRef = 946C08091E7BEA7A0018B403 /* DXWebViewController.swift */; };
		946C080E1E7BEA7A0018B403 /* TestWebVeiwController.swift in Sources */ = {isa = PBXBuildFile; fileRef = 946C080A1E7BEA7A0018B403 /* TestWebVeiwController.swift */; };
		946C08141E7BEA840018B403 /* DXAudioManager.swift in Sources */ = {isa = PBXBuildFile; fileRef = 946C08101E7BEA840018B403 /* DXAudioManager.swift */; };
		946C08151E7BEA840018B403 /* DXNetworkManager.swift in Sources */ = {isa = PBXBuildFile; fileRef = 946C08111E7BEA840018B403 /* DXNetworkManager.swift */; };
		946C08161E7BEA840018B403 /* DXSettingManager.swift in Sources */ = {isa = PBXBuildFile; fileRef = 946C08121E7BEA840018B403 /* DXSettingManager.swift */; };
/* End PBXBuildFile section */

/* Begin PBXContainerItemProxy section */
		946C07B11E7BEA410018B403 /* PBXContainerItemProxy */ = {
			isa = PBXContainerItemProxy;
			containerPortal = 946C07861E7BEA410018B403 /* Project object */;
			proxyType = 1;
			remoteGlobalIDString = 946C078D1E7BEA410018B403;
			remoteInfo = Swift_DX;
		};
/* End PBXContainerItemProxy section */

/* Begin PBXFileReference section */
		3AB60C23DFD5E2F8822630B5 /* Pods-Swift_DX.release.xcconfig */ = {isa = PBXFileReference; includeInIndex = 1; lastKnownFileType = text.xcconfig; name = "Pods-Swift_DX.release.xcconfig"; path = "Pods/Target Support Files/Pods-Swift_DX/Pods-Swift_DX.release.xcconfig"; sourceTree = "<group>"; };
		5E4EB947B77BEF19ED1362B3 /* Pods_Swift_DX.framework */ = {isa = PBXFileReference; explicitFileType = wrapper.framework; includeInIndex = 0; path = Pods_Swift_DX.framework; sourceTree = BUILT_PRODUCTS_DIR; };
		946C078E1E7BEA410018B403 /* Swift_DX.app */ = {isa = PBXFileReference; explicitFileType = wrapper.application; includeInIndex = 0; path = Swift_DX.app; sourceTree = BUILT_PRODUCTS_DIR; };
		946C07911E7BEA410018B403 /* AppDelegate.swift */ = {isa = PBXFileReference; lastKnownFileType = sourcecode.swift; path = AppDelegate.swift; sourceTree = "<group>"; };
		946C07931E7BEA410018B403 /* ViewController.swift */ = {isa = PBXFileReference; lastKnownFileType = sourcecode.swift; path = ViewController.swift; sourceTree = "<group>"; };
		946C07961E7BEA410018B403 /* Base */ = {isa = PBXFileReference; lastKnownFileType = file.storyboard; name = Base; path = Base.lproj/Main.storyboard; sourceTree = "<group>"; };
		946C07991E7BEA410018B403 /* Swift_DX.xcdatamodel */ = {isa = PBXFileReference; lastKnownFileType = wrapper.xcdatamodel; path = Swift_DX.xcdatamodel; sourceTree = "<group>"; };
		946C079B1E7BEA410018B403 /* Assets.xcassets */ = {isa = PBXFileReference; lastKnownFileType = folder.assetcatalog; path = Assets.xcassets; sourceTree = "<group>"; };
		946C079E1E7BEA410018B403 /* Base */ = {isa = PBXFileReference; lastKnownFileType = file.storyboard; name = Base; path = Base.lproj/LaunchScreen.storyboard; sourceTree = "<group>"; };
		946C07A01E7BEA410018B403 /* Info.plist */ = {isa = PBXFileReference; lastKnownFileType = text.plist.xml; path = Info.plist; sourceTree = "<group>"; };
		946C07A91E7BEA410018B403 /* Swift_DXTests.swift */ = {isa = PBXFileReference; lastKnownFileType = sourcecode.swift; path = Swift_DXTests.swift; sourceTree = "<group>"; };
		946C07AB1E7BEA410018B403 /* Info.plist */ = {isa = PBXFileReference; lastKnownFileType = text.plist.xml; path = Info.plist; sourceTree = "<group>"; };
		946C07B01E7BEA410018B403 /* Swift_DXUITests.xctest */ = {isa = PBXFileReference; explicitFileType = wrapper.cfbundle; includeInIndex = 0; path = Swift_DXUITests.xctest; sourceTree = BUILT_PRODUCTS_DIR; };
		946C07B41E7BEA410018B403 /* Swift_DXUITests.swift */ = {isa = PBXFileReference; lastKnownFileType = sourcecode.swift; path = Swift_DXUITests.swift; sourceTree = "<group>"; };
		946C07B61E7BEA410018B403 /* Info.plist */ = {isa = PBXFileReference; lastKnownFileType = text.plist.xml; path = Info.plist; sourceTree = "<group>"; };
		946C07C31E7BEA6B0018B403 /* DXBaseViewController.swift */ = {isa = PBXFileReference; fileEncoding = 4; lastKnownFileType = sourcecode.swift; path = DXBaseViewController.swift; sourceTree = "<group>"; };
		946C07C41E7BEA6B0018B403 /* DXTabBarController.swift */ = {isa = PBXFileReference; fileEncoding = 4; lastKnownFileType = sourcecode.swift; path = DXTabBarController.swift; sourceTree = "<group>"; };
		946C07C91E7BEA730018B403 /* DXLoadingComponent.swift */ = {isa = PBXFileReference; fileEncoding = 4; lastKnownFileType = sourcecode.swift; path = DXLoadingComponent.swift; sourceTree = "<group>"; };
		946C07CA1E7BEA730018B403 /* DXLoadingComponent.xib */ = {isa = PBXFileReference; fileEncoding = 4; lastKnownFileType = file.xib; path = DXLoadingComponent.xib; sourceTree = "<group>"; };
		946C07CB1E7BEA730018B403 /* DXLoadingHUD.swift */ = {isa = PBXFileReference; fileEncoding = 4; lastKnownFileType = sourcecode.swift; path = DXLoadingHUD.swift; sourceTree = "<group>"; };
		946C07CE1E7BEA730018B403 /* DropDownRefreshCenter@2x.png */ = {isa = PBXFileReference; lastKnownFileType = image.png; path = "DropDownRefreshCenter@2x.png"; sourceTree = "<group>"; };
		946C07CF1E7BEA730018B403 /* DropDownRefreshCenter@3x.png */ = {isa = PBXFileReference; lastKnownFileType = image.png; path = "DropDownRefreshCenter@3x.png"; sourceTree = "<group>"; };
		946C07D01E7BEA730018B403 /* DropDownRefreshLine1@2x.png */ = {isa = PBXFileReference; lastKnownFileType = image.png; path = "DropDownRefreshLine1@2x.png"; sourceTree = "<group>"; };
		946C07D11E7BEA730018B403 /* DropDownRefreshLine1@3x.png */ = {isa = PBXFileReference; lastKnownFileType = image.png; path = "DropDownRefreshLine1@3x.png"; sourceTree = "<group>"; };
		946C07D21E7BEA730018B403 /* DropDownRefreshLine2@2x.png */ = {isa = PBXFileReference; lastKnownFileType = image.png; path = "DropDownRefreshLine2@2x.png"; sourceTree = "<group>"; };
		946C07D31E7BEA730018B403 /* DropDownRefreshLine2@3x.png */ = {isa = PBXFileReference; lastKnownFileType = image.png; path = "DropDownRefreshLine2@3x.png"; sourceTree = "<group>"; };
		946C07D41E7BEA730018B403 /* DropDownRefreshLine3@2x.png */ = {isa = PBXFileReference; lastKnownFileType = image.png; path = "DropDownRefreshLine3@2x.png"; sourceTree = "<group>"; };
		946C07D51E7BEA730018B403 /* DropDownRefreshLine3@3x.png */ = {isa = PBXFileReference; lastKnownFileType = image.png; path = "DropDownRefreshLine3@3x.png"; sourceTree = "<group>"; };
		946C07D61E7BEA730018B403 /* DropDownRefreshLine4@2x.png */ = {isa = PBXFileReference; lastKnownFileType = image.png; path = "DropDownRefreshLine4@2x.png"; sourceTree = "<group>"; };
		946C07D71E7BEA730018B403 /* DropDownRefreshLine4@3x.png */ = {isa = PBXFileReference; lastKnownFileType = image.png; path = "DropDownRefreshLine4@3x.png"; sourceTree = "<group>"; };
		946C07D81E7BEA730018B403 /* DropDownRefreshOval1@2x.png */ = {isa = PBXFileReference; lastKnownFileType = image.png; path = "DropDownRefreshOval1@2x.png"; sourceTree = "<group>"; };
		946C07D91E7BEA730018B403 /* DropDownRefreshOval1@3x.png */ = {isa = PBXFileReference; lastKnownFileType = image.png; path = "DropDownRefreshOval1@3x.png"; sourceTree = "<group>"; };
		946C07DA1E7BEA730018B403 /* DropDownRefreshOval2@2x.png */ = {isa = PBXFileReference; lastKnownFileType = image.png; path = "DropDownRefreshOval2@2x.png"; sourceTree = "<group>"; };
		946C07DB1E7BEA730018B403 /* DropDownRefreshOval2@3x.png */ = {isa = PBXFileReference; lastKnownFileType = image.png; path = "DropDownRefreshOval2@3x.png"; sourceTree = "<group>"; };
		946C07DC1E7BEA730018B403 /* DropDownRefreshOval3@2x.png */ = {isa = PBXFileReference; lastKnownFileType = image.png; path = "DropDownRefreshOval3@2x.png"; sourceTree = "<group>"; };
		946C07DD1E7BEA730018B403 /* DropDownRefreshOval3@3x.png */ = {isa = PBXFileReference; lastKnownFileType = image.png; path = "DropDownRefreshOval3@3x.png"; sourceTree = "<group>"; };
		946C07DE1E7BEA730018B403 /* DropDownRefreshOval4@2x.png */ = {isa = PBXFileReference; lastKnownFileType = image.png; path = "DropDownRefreshOval4@2x.png"; sourceTree = "<group>"; };
		946C07DF1E7BEA730018B403 /* DropDownRefreshOval4@3x.png */ = {isa = PBXFileReference; lastKnownFileType = image.png; path = "DropDownRefreshOval4@3x.png"; sourceTree = "<group>"; };
		946C07E01E7BEA730018B403 /* Networkloading.png */ = {isa = PBXFileReference; lastKnownFileType = image.png; path = Networkloading.png; sourceTree = "<group>"; };
		946C07E21E7BEA730018B403 /* FFTableViewExtension.swift */ = {isa = PBXFileReference; fileEncoding = 4; lastKnownFileType = sourcecode.swift; path = FFTableViewExtension.swift; sourceTree = "<group>"; };
		946C07E31E7BEA730018B403 /* StringExtension.swift */ = {isa = PBXFileReference; fileEncoding = 4; lastKnownFileType = sourcecode.swift; path = StringExtension.swift; sourceTree = "<group>"; };
		946C07E41E7BEA730018B403 /* SwiftHEXColors.swift */ = {isa = PBXFileReference; fileEncoding = 4; lastKnownFileType = sourcecode.swift; path = SwiftHEXColors.swift; sourceTree = "<group>"; };
		946C07E51E7BEA730018B403 /* UIBarExtension.swift */ = {isa = PBXFileReference; fileEncoding = 4; lastKnownFileType = sourcecode.swift; path = UIBarExtension.swift; sourceTree = "<group>"; };
		946C07E61E7BEA730018B403 /* UIViewExtension.swift */ = {isa = PBXFileReference; fileEncoding = 4; lastKnownFileType = sourcecode.swift; path = UIViewExtension.swift; sourceTree = "<group>"; };
		946C07E81E7BEA730018B403 /* DXClient.swift */ = {isa = PBXFileReference; fileEncoding = 4; lastKnownFileType = sourcecode.swift; path = DXClient.swift; sourceTree = "<group>"; };
		946C08071E7BEA7A0018B403 /* DXAskDoctorViewController.swift */ = {isa = PBXFileReference; fileEncoding = 4; lastKnownFileType = sourcecode.swift; path = DXAskDoctorViewController.swift; sourceTree = "<group>"; };
		946C08081E7BEA7A0018B403 /* DXHomeViewController.swift */ = {isa = PBXFileReference; fileEncoding = 4; lastKnownFileType = sourcecode.swift; path = DXHomeViewController.swift; sourceTree = "<group>"; };
		946C08091E7BEA7A0018B403 /* DXWebViewController.swift */ = {isa = PBXFileReference; fileEncoding = 4; lastKnownFileType = sourcecode.swift; path = DXWebViewController.swift; sourceTree = "<group>"; };
		946C080A1E7BEA7A0018B403 /* TestWebVeiwController.swift */ = {isa = PBXFileReference; fileEncoding = 4; lastKnownFileType = sourcecode.swift; path = TestWebVeiwController.swift; sourceTree = "<group>"; };
		946C08101E7BEA840018B403 /* DXAudioManager.swift */ = {isa = PBXFileReference; fileEncoding = 4; lastKnownFileType = sourcecode.swift; path = DXAudioManager.swift; sourceTree = "<group>"; };
		946C08111E7BEA840018B403 /* DXNetworkManager.swift */ = {isa = PBXFileReference; fileEncoding = 4; lastKnownFileType = sourcecode.swift; path = DXNetworkManager.swift; sourceTree = "<group>"; };
		946C08121E7BEA840018B403 /* DXSettingManager.swift */ = {isa = PBXFileReference; fileEncoding = 4; lastKnownFileType = sourcecode.swift; path = DXSettingManager.swift; sourceTree = "<group>"; };
		9F55F9F93D7019F5DB828C77 /* Pods-Swift_DX.debug.xcconfig */ = {isa = PBXFileReference; includeInIndex = 1; lastKnownFileType = text.xcconfig; name = "Pods-Swift_DX.debug.xcconfig"; path = "Pods/Target Support Files/Pods-Swift_DX/Pods-Swift_DX.debug.xcconfig"; sourceTree = "<group>"; };
/* End PBXFileReference section */

/* Begin PBXFrameworksBuildPhase section */
		946C078B1E7BEA410018B403 /* Frameworks */ = {
			isa = PBXFrameworksBuildPhase;
			buildActionMask = 2147483647;
			files = (
				1DE3E7E74D3099238209524E /* Pods_Swift_DX.framework in Frameworks */,
			);
			runOnlyForDeploymentPostprocessing = 0;
		};
		946C07AD1E7BEA410018B403 /* Frameworks */ = {
			isa = PBXFrameworksBuildPhase;
			buildActionMask = 2147483647;
			files = (
			);
			runOnlyForDeploymentPostprocessing = 0;
		};
/* End PBXFrameworksBuildPhase section */

/* Begin PBXGroup section */
		2090973CB2E581C41CE3BBE9 /* Frameworks */ = {
			isa = PBXGroup;
			children = (
				5E4EB947B77BEF19ED1362B3 /* Pods_Swift_DX.framework */,
			);
			name = Frameworks;
			sourceTree = "<group>";
		};
		84B33B8BC26E3725FEDD3A42 /* Pods */ = {
			isa = PBXGroup;
			children = (
				9F55F9F93D7019F5DB828C77 /* Pods-Swift_DX.debug.xcconfig */,
				3AB60C23DFD5E2F8822630B5 /* Pods-Swift_DX.release.xcconfig */,
			);
			name = Pods;
			sourceTree = "<group>";
		};
		946C07851E7BEA410018B403 = {
			isa = PBXGroup;
			children = (
				946C07901E7BEA410018B403 /* Swift_DX */,
				946C07A81E7BEA410018B403 /* Swift_DXTests */,
				946C07B31E7BEA410018B403 /* Swift_DXUITests */,
				946C078F1E7BEA410018B403 /* Products */,
				84B33B8BC26E3725FEDD3A42 /* Pods */,
				2090973CB2E581C41CE3BBE9 /* Frameworks */,
			);
			sourceTree = "<group>";
		};
		946C078F1E7BEA410018B403 /* Products */ = {
			isa = PBXGroup;
			children = (
				946C078E1E7BEA410018B403 /* Swift_DX.app */,
				946C07B01E7BEA410018B403 /* Swift_DXUITests.xctest */,
			);
			name = Products;
			sourceTree = "<group>";
		};
		946C07901E7BEA410018B403 /* Swift_DX */ = {
			isa = PBXGroup;
			children = (
				946C07911E7BEA410018B403 /* AppDelegate.swift */,
				946C07931E7BEA410018B403 /* ViewController.swift */,
				946C07951E7BEA410018B403 /* Main.storyboard */,
				946C080F1E7BEA840018B403 /* Mangers */,
				946C07C71E7BEA730018B403 /* Common */,
				946C07C21E7BEA6B0018B403 /* Base */,
				946C08051E7BEA7A0018B403 /* Home */,
				946C08131E7BEA840018B403 /* Models */,
				946C079B1E7BEA410018B403 /* Assets.xcassets */,
				946C079D1E7BEA410018B403 /* LaunchScreen.storyboard */,
				946C07A01E7BEA410018B403 /* Info.plist */,
				946C07981E7BEA410018B403 /* Swift_DX.xcdatamodeld */,
			);
			path = Swift_DX;
			sourceTree = "<group>";
		};
		946C07A81E7BEA410018B403 /* Swift_DXTests */ = {
			isa = PBXGroup;
			children = (
				946C07A91E7BEA410018B403 /* Swift_DXTests.swift */,
				946C07AB1E7BEA410018B403 /* Info.plist */,
			);
			path = Swift_DXTests;
			sourceTree = "<group>";
		};
		946C07B31E7BEA410018B403 /* Swift_DXUITests */ = {
			isa = PBXGroup;
			children = (
				946C07B41E7BEA410018B403 /* Swift_DXUITests.swift */,
				946C07B61E7BEA410018B403 /* Info.plist */,
			);
			path = Swift_DXUITests;
			sourceTree = "<group>";
		};
		946C07C21E7BEA6B0018B403 /* Base */ = {
			isa = PBXGroup;
			children = (
				946C07C31E7BEA6B0018B403 /* DXBaseViewController.swift */,
				946C07C41E7BEA6B0018B403 /* DXTabBarController.swift */,
			);
			path = Base;
			sourceTree = "<group>";
		};
		946C07C71E7BEA730018B403 /* Common */ = {
			isa = PBXGroup;
			children = (
				946C07C81E7BEA730018B403 /* CustomView */,
				946C07E11E7BEA730018B403 /* Extension */,
				946C07E71E7BEA730018B403 /* Model */,
			);
			path = Common;
			sourceTree = "<group>";
		};
		946C07C81E7BEA730018B403 /* CustomView */ = {
			isa = PBXGroup;
			children = (
				946C07C91E7BEA730018B403 /* DXLoadingComponent.swift */,
				946C07CA1E7BEA730018B403 /* DXLoadingComponent.xib */,
				946C07CB1E7BEA730018B403 /* DXLoadingHUD.swift */,
				946C07CC1E7BEA730018B403 /* LoadingHUD */,
			);
			path = CustomView;
			sourceTree = "<group>";
		};
		946C07CC1E7BEA730018B403 /* LoadingHUD */ = {
			isa = PBXGroup;
			children = (
				946C07CD1E7BEA730018B403 /* LoadingRes */,
			);
			path = LoadingHUD;
			sourceTree = "<group>";
		};
		946C07CD1E7BEA730018B403 /* LoadingRes */ = {
			isa = PBXGroup;
			children = (
				946C07CE1E7BEA730018B403 /* DropDownRefreshCenter@2x.png */,
				946C07CF1E7BEA730018B403 /* DropDownRefreshCenter@3x.png */,
				946C07D01E7BEA730018B403 /* DropDownRefreshLine1@2x.png */,
				946C07D11E7BEA730018B403 /* DropDownRefreshLine1@3x.png */,
				946C07D21E7BEA730018B403 /* DropDownRefreshLine2@2x.png */,
				946C07D31E7BEA730018B403 /* DropDownRefreshLine2@3x.png */,
				946C07D41E7BEA730018B403 /* DropDownRefreshLine3@2x.png */,
				946C07D51E7BEA730018B403 /* DropDownRefreshLine3@3x.png */,
				946C07D61E7BEA730018B403 /* DropDownRefreshLine4@2x.png */,
				946C07D71E7BEA730018B403 /* DropDownRefreshLine4@3x.png */,
				946C07D81E7BEA730018B403 /* DropDownRefreshOval1@2x.png */,
				946C07D91E7BEA730018B403 /* DropDownRefreshOval1@3x.png */,
				946C07DA1E7BEA730018B403 /* DropDownRefreshOval2@2x.png */,
				946C07DB1E7BEA730018B403 /* DropDownRefreshOval2@3x.png */,
				946C07DC1E7BEA730018B403 /* DropDownRefreshOval3@2x.png */,
				946C07DD1E7BEA730018B403 /* DropDownRefreshOval3@3x.png */,
				946C07DE1E7BEA730018B403 /* DropDownRefreshOval4@2x.png */,
				946C07DF1E7BEA730018B403 /* DropDownRefreshOval4@3x.png */,
				946C07E01E7BEA730018B403 /* Networkloading.png */,
			);
			path = LoadingRes;
			sourceTree = "<group>";
		};
		946C07E11E7BEA730018B403 /* Extension */ = {
			isa = PBXGroup;
			children = (
				946C07E21E7BEA730018B403 /* FFTableViewExtension.swift */,
				946C07E31E7BEA730018B403 /* StringExtension.swift */,
				946C07E41E7BEA730018B403 /* SwiftHEXColors.swift */,
				946C07E51E7BEA730018B403 /* UIBarExtension.swift */,
				946C07E61E7BEA730018B403 /* UIViewExtension.swift */,
			);
			path = Extension;
			sourceTree = "<group>";
		};
		946C07E71E7BEA730018B403 /* Model */ = {
			isa = PBXGroup;
			children = (
				946C07E81E7BEA730018B403 /* DXClient.swift */,
			);
			path = Model;
			sourceTree = "<group>";
		};
		946C08051E7BEA7A0018B403 /* Home */ = {
			isa = PBXGroup;
			children = (
				946C08061E7BEA7A0018B403 /* Controllers */,
			);
			path = Home;
			sourceTree = "<group>";
		};
		946C08061E7BEA7A0018B403 /* Controllers */ = {
			isa = PBXGroup;
			children = (
				946C08071E7BEA7A0018B403 /* DXAskDoctorViewController.swift */,
				946C08081E7BEA7A0018B403 /* DXHomeViewController.swift */,
				946C08091E7BEA7A0018B403 /* DXWebViewController.swift */,
				946C080A1E7BEA7A0018B403 /* TestWebVeiwController.swift */,
			);
			path = Controllers;
			sourceTree = "<group>";
		};
		946C080F1E7BEA840018B403 /* Mangers */ = {
			isa = PBXGroup;
			children = (
				946C08101E7BEA840018B403 /* DXAudioManager.swift */,
				946C08111E7BEA840018B403 /* DXNetworkManager.swift */,
				946C08121E7BEA840018B403 /* DXSettingManager.swift */,
			);
			path = Mangers;
			sourceTree = "<group>";
		};
		946C08131E7BEA840018B403 /* Models */ = {
			isa = PBXGroup;
			children = (
			);
			path = Models;
			sourceTree = "<group>";
		};
/* End PBXGroup section */

/* Begin PBXNativeTarget section */
		946C078D1E7BEA410018B403 /* Swift_DX */ = {
			isa = PBXNativeTarget;
			buildConfigurationList = 946C07B91E7BEA410018B403 /* Build configuration list for PBXNativeTarget "Swift_DX" */;
			buildPhases = (
				07637288C1F1EDFF334C2FC6 /* [CP] Check Pods Manifest.lock */,
				946C078A1E7BEA410018B403 /* Sources */,
				946C078B1E7BEA410018B403 /* Frameworks */,
				946C078C1E7BEA410018B403 /* Resources */,
				06CA91A675EE82C6D2142F9D /* [CP] Embed Pods Frameworks */,
				4145ED4B796CD07061A49D29 /* [CP] Copy Pods Resources */,
			);
			buildRules = (
			);
			dependencies = (
			);
			name = Swift_DX;
			productName = Swift_DX;
			productReference = 946C078E1E7BEA410018B403 /* Swift_DX.app */;
			productType = "com.apple.product-type.application";
		};
		946C07AF1E7BEA410018B403 /* Swift_DXUITests */ = {
			isa = PBXNativeTarget;
			buildConfigurationList = 946C07BF1E7BEA410018B403 /* Build configuration list for PBXNativeTarget "Swift_DXUITests" */;
			buildPhases = (
				946C07AC1E7BEA410018B403 /* Sources */,
				946C07AD1E7BEA410018B403 /* Frameworks */,
				946C07AE1E7BEA410018B403 /* Resources */,
			);
			buildRules = (
			);
			dependencies = (
				946C07B21E7BEA410018B403 /* PBXTargetDependency */,
			);
			name = Swift_DXUITests;
			productName = Swift_DXUITests;
			productReference = 946C07B01E7BEA410018B403 /* Swift_DXUITests.xctest */;
			productType = "com.apple.product-type.bundle.ui-testing";
		};
/* End PBXNativeTarget section */

/* Begin PBXProject section */
		946C07861E7BEA410018B403 /* Project object */ = {
			isa = PBXProject;
			attributes = {
				LastSwiftUpdateCheck = 0810;
				LastUpgradeCheck = 0810;
				ORGANIZATIONNAME = ibuildtek;
				TargetAttributes = {
					946C078D1E7BEA410018B403 = {
						CreatedOnToolsVersion = 8.1;
						DevelopmentTeam = US97LM7EXE;
						ProvisioningStyle = Automatic;
					};
					946C07AF1E7BEA410018B403 = {
						CreatedOnToolsVersion = 8.1;
						ProvisioningStyle = Automatic;
						TestTargetID = 946C078D1E7BEA410018B403;
					};
				};
			};
			buildConfigurationList = 946C07891E7BEA410018B403 /* Build configuration list for PBXProject "Swift_DX" */;
			compatibilityVersion = "Xcode 3.2";
			developmentRegion = English;
			hasScannedForEncodings = 0;
			knownRegions = (
				en,
				Base,
			);
			mainGroup = 946C07851E7BEA410018B403;
			productRefGroup = 946C078F1E7BEA410018B403 /* Products */;
			projectDirPath = "";
			projectRoot = "";
			targets = (
				946C078D1E7BEA410018B403 /* Swift_DX */,
				946C07AF1E7BEA410018B403 /* Swift_DXUITests */,
			);
		};
/* End PBXProject section */

/* Begin PBXResourcesBuildPhase section */
		946C078C1E7BEA410018B403 /* Resources */ = {
			isa = PBXResourcesBuildPhase;
			buildActionMask = 2147483647;
			files = (
				946C07F31E7BEA740018B403 /* DropDownRefreshLine3@3x.png in Resources */,
				946C07FC1E7BEA740018B403 /* DropDownRefreshOval4@2x.png in Resources */,
				946C07F81E7BEA740018B403 /* DropDownRefreshOval2@2x.png in Resources */,
				946C07EA1E7BEA730018B403 /* DXLoadingComponent.xib in Resources */,
				946C07EC1E7BEA730018B403 /* DropDownRefreshCenter@2x.png in Resources */,
				946C07FA1E7BEA740018B403 /* DropDownRefreshOval3@2x.png in Resources */,
				946C07F41E7BEA740018B403 /* DropDownRefreshLine4@2x.png in Resources */,
				946C07FB1E7BEA740018B403 /* DropDownRefreshOval3@3x.png in Resources */,
				946C07F01E7BEA730018B403 /* DropDownRefreshLine2@2x.png in Resources */,
				946C079F1E7BEA410018B403 /* LaunchScreen.storyboard in Resources */,
				946C079C1E7BEA410018B403 /* Assets.xcassets in Resources */,
				946C07FD1E7BEA740018B403 /* DropDownRefreshOval4@3x.png in Resources */,
				946C07EE1E7BEA730018B403 /* DropDownRefreshLine1@2x.png in Resources */,
				946C07F71E7BEA740018B403 /* DropDownRefreshOval1@3x.png in Resources */,
				946C07F21E7BEA740018B403 /* DropDownRefreshLine3@2x.png in Resources */,
				946C07F91E7BEA740018B403 /* DropDownRefreshOval2@3x.png in Resources */,
				946C07971E7BEA410018B403 /* Main.storyboard in Resources */,
				946C07FE1E7BEA740018B403 /* Networkloading.png in Resources */,
				946C07F61E7BEA740018B403 /* DropDownRefreshOval1@2x.png in Resources */,
				946C07EF1E7BEA730018B403 /* DropDownRefreshLine1@3x.png in Resources */,
				946C07ED1E7BEA730018B403 /* DropDownRefreshCenter@3x.png in Resources */,
				946C07F11E7BEA730018B403 /* DropDownRefreshLine2@3x.png in Resources */,
				946C07F51E7BEA740018B403 /* DropDownRefreshLine4@3x.png in Resources */,
			);
			runOnlyForDeploymentPostprocessing = 0;
		};
		946C07AE1E7BEA410018B403 /* Resources */ = {
			isa = PBXResourcesBuildPhase;
			buildActionMask = 2147483647;
			files = (
			);
			runOnlyForDeploymentPostprocessing = 0;
		};
/* End PBXResourcesBuildPhase section */

/* Begin PBXShellScriptBuildPhase section */
		06CA91A675EE82C6D2142F9D /* [CP] Embed Pods Frameworks */ = {
			isa = PBXShellScriptBuildPhase;
			buildActionMask = 2147483647;
			files = (
			);
			inputPaths = (
			);
			name = "[CP] Embed Pods Frameworks";
			outputPaths = (
			);
			runOnlyForDeploymentPostprocessing = 0;
			shellPath = /bin/sh;
			shellScript = "\"${SRCROOT}/Pods/Target Support Files/Pods-Swift_DX/Pods-Swift_DX-frameworks.sh\"\n";
			showEnvVarsInLog = 0;
		};
		07637288C1F1EDFF334C2FC6 /* [CP] Check Pods Manifest.lock */ = {
			isa = PBXShellScriptBuildPhase;
			buildActionMask = 2147483647;
			files = (
			);
			inputPaths = (
			);
			name = "[CP] Check Pods Manifest.lock";
			outputPaths = (
			);
			runOnlyForDeploymentPostprocessing = 0;
			shellPath = /bin/sh;
			shellScript = "diff \"${PODS_ROOT}/../Podfile.lock\" \"${PODS_ROOT}/Manifest.lock\" > /dev/null\nif [ $? != 0 ] ; then\n    # print error to STDERR\n    echo \"error: The sandbox is not in sync with the Podfile.lock. Run 'pod install' or update your CocoaPods installation.\" >&2\n    exit 1\nfi\n";
			showEnvVarsInLog = 0;
		};
		4145ED4B796CD07061A49D29 /* [CP] Copy Pods Resources */ = {
			isa = PBXShellScriptBuildPhase;
			buildActionMask = 2147483647;
			files = (
			);
			inputPaths = (
			);
			name = "[CP] Copy Pods Resources";
			outputPaths = (
			);
			runOnlyForDeploymentPostprocessing = 0;
			shellPath = /bin/sh;
			shellScript = "\"${SRCROOT}/Pods/Target Support Files/Pods-Swift_DX/Pods-Swift_DX-resources.sh\"\n";
			showEnvVarsInLog = 0;
		};
/* End PBXShellScriptBuildPhase section */

/* Begin PBXSourcesBuildPhase section */
		946C078A1E7BEA410018B403 /* Sources */ = {
			isa = PBXSourcesBuildPhase;
			buildActionMask = 2147483647;
			files = (
				946C08041E7BEA740018B403 /* DXClient.swift in Sources */,
				946C079A1E7BEA410018B403 /* Swift_DX.xcdatamodeld in Sources */,
				946C08161E7BEA840018B403 /* DXSettingManager.swift in Sources */,
				946C08011E7BEA740018B403 /* SwiftHEXColors.swift in Sources */,
				946C07FF1E7BEA740018B403 /* FFTableViewExtension.swift in Sources */,
				946C08141E7BEA840018B403 /* DXAudioManager.swift in Sources */,
				946C07941E7BEA410018B403 /* ViewController.swift in Sources */,
				946C08021E7BEA740018B403 /* UIBarExtension.swift in Sources */,
				946C080E1E7BEA7A0018B403 /* TestWebVeiwController.swift in Sources */,
				946C07921E7BEA410018B403 /* AppDelegate.swift in Sources */,
				946C08031E7BEA740018B403 /* UIViewExtension.swift in Sources */,
				946C07C61E7BEA6B0018B403 /* DXTabBarController.swift in Sources */,
				946C080C1E7BEA7A0018B403 /* DXHomeViewController.swift in Sources */,
				946C080B1E7BEA7A0018B403 /* DXAskDoctorViewController.swift in Sources */,
				946C08001E7BEA740018B403 /* StringExtension.swift in Sources */,
				946C07E91E7BEA730018B403 /* DXLoadingComponent.swift in Sources */,
				946C080D1E7BEA7A0018B403 /* DXWebViewController.swift in Sources */,
				946C07EB1E7BEA730018B403 /* DXLoadingHUD.swift in Sources */,
				946C07C51E7BEA6B0018B403 /* DXBaseViewController.swift in Sources */,
				946C08151E7BEA840018B403 /* DXNetworkManager.swift in Sources */,
			);
			runOnlyForDeploymentPostprocessing = 0;
		};
		946C07AC1E7BEA410018B403 /* Sources */ = {
			isa = PBXSourcesBuildPhase;
			buildActionMask = 2147483647;
			files = (
				946C07B51E7BEA410018B403 /* Swift_DXUITests.swift in Sources */,
			);
			runOnlyForDeploymentPostprocessing = 0;
		};
/* End PBXSourcesBuildPhase section */

/* Begin PBXTargetDependency section */
		946C07B21E7BEA410018B403 /* PBXTargetDependency */ = {
			isa = PBXTargetDependency;
			target = 946C078D1E7BEA410018B403 /* Swift_DX */;
			targetProxy = 946C07B11E7BEA410018B403 /* PBXContainerItemProxy */;
		};
/* End PBXTargetDependency section */

/* Begin PBXVariantGroup section */
		946C07951E7BEA410018B403 /* Main.storyboard */ = {
			isa = PBXVariantGroup;
			children = (
				946C07961E7BEA410018B403 /* Base */,
			);
			name = Main.storyboard;
			sourceTree = "<group>";
		};
		946C079D1E7BEA410018B403 /* LaunchScreen.storyboard */ = {
			isa = PBXVariantGroup;
			children = (
				946C079E1E7BEA410018B403 /* Base */,
			);
			name = LaunchScreen.storyboard;
			sourceTree = "<group>";
		};
/* End PBXVariantGroup section */

/* Begin XCBuildConfiguration section */
		946C07B71E7BEA410018B403 /* Debug */ = {
			isa = XCBuildConfiguration;
			buildSettings = {
				ALWAYS_SEARCH_USER_PATHS = NO;
				CLANG_ANALYZER_NONNULL = YES;
				CLANG_CXX_LANGUAGE_STANDARD = "gnu++0x";
				CLANG_CXX_LIBRARY = "libc++";
				CLANG_ENABLE_MODULES = YES;
				CLANG_ENABLE_OBJC_ARC = YES;
				CLANG_WARN_BOOL_CONVERSION = YES;
				CLANG_WARN_CONSTANT_CONVERSION = YES;
				CLANG_WARN_DIRECT_OBJC_ISA_USAGE = YES_ERROR;
				CLANG_WARN_DOCUMENTATION_COMMENTS = YES;
				CLANG_WARN_EMPTY_BODY = YES;
				CLANG_WARN_ENUM_CONVERSION = YES;
				CLANG_WARN_INFINITE_RECURSION = YES;
				CLANG_WARN_INT_CONVERSION = YES;
				CLANG_WARN_OBJC_ROOT_CLASS = YES_ERROR;
				CLANG_WARN_SUSPICIOUS_MOVES = YES;
				CLANG_WARN_UNREACHABLE_CODE = YES;
				CLANG_WARN__DUPLICATE_METHOD_MATCH = YES;
				"CODE_SIGN_IDENTITY[sdk=iphoneos*]" = "iPhone Developer";
				COPY_PHASE_STRIP = NO;
				DEBUG_INFORMATION_FORMAT = dwarf;
				ENABLE_STRICT_OBJC_MSGSEND = YES;
				ENABLE_TESTABILITY = YES;
				GCC_C_LANGUAGE_STANDARD = gnu99;
				GCC_DYNAMIC_NO_PIC = NO;
				GCC_NO_COMMON_BLOCKS = YES;
				GCC_OPTIMIZATION_LEVEL = 0;
				GCC_PREPROCESSOR_DEFINITIONS = (
					"DEBUG=1",
					"$(inherited)",
				);
				GCC_WARN_64_TO_32_BIT_CONVERSION = YES;
				GCC_WARN_ABOUT_RETURN_TYPE = YES_ERROR;
				GCC_WARN_UNDECLARED_SELECTOR = YES;
				GCC_WARN_UNINITIALIZED_AUTOS = YES_AGGRESSIVE;
				GCC_WARN_UNUSED_FUNCTION = YES;
				GCC_WARN_UNUSED_VARIABLE = YES;
				IPHONEOS_DEPLOYMENT_TARGET = 10.1;
				MTL_ENABLE_DEBUG_INFO = YES;
				ONLY_ACTIVE_ARCH = YES;
				SDKROOT = iphoneos;
				SWIFT_ACTIVE_COMPILATION_CONDITIONS = DEBUG;
				SWIFT_OPTIMIZATION_LEVEL = "-Onone";
				TARGETED_DEVICE_FAMILY = "1,2";
			};
			name = Debug;
		};
		946C07B81E7BEA410018B403 /* Release */ = {
			isa = XCBuildConfiguration;
			buildSettings = {
				ALWAYS_SEARCH_USER_PATHS = NO;
				CLANG_ANALYZER_NONNULL = YES;
				CLANG_CXX_LANGUAGE_STANDARD = "gnu++0x";
				CLANG_CXX_LIBRARY = "libc++";
				CLANG_ENABLE_MODULES = YES;
				CLANG_ENABLE_OBJC_ARC = YES;
				CLANG_WARN_BOOL_CONVERSION = YES;
				CLANG_WARN_CONSTANT_CONVERSION = YES;
				CLANG_WARN_DIRECT_OBJC_ISA_USAGE = YES_ERROR;
				CLANG_WARN_DOCUMENTATION_COMMENTS = YES;
				CLANG_WARN_EMPTY_BODY = YES;
				CLANG_WARN_ENUM_CONVERSION = YES;
				CLANG_WARN_INFINITE_RECURSION = YES;
				CLANG_WARN_INT_CONVERSION = YES;
				CLANG_WARN_OBJC_ROOT_CLASS = YES_ERROR;
				CLANG_WARN_SUSPICIOUS_MOVES = YES;
				CLANG_WARN_UNREACHABLE_CODE = YES;
				CLANG_WARN__DUPLICATE_METHOD_MATCH = YES;
				"CODE_SIGN_IDENTITY[sdk=iphoneos*]" = "iPhone Developer";
				COPY_PHASE_STRIP = NO;
				DEBUG_INFORMATION_FORMAT = "dwarf-with-dsym";
				ENABLE_NS_ASSERTIONS = NO;
				ENABLE_STRICT_OBJC_MSGSEND = YES;
				GCC_C_LANGUAGE_STANDARD = gnu99;
				GCC_NO_COMMON_BLOCKS = YES;
				GCC_WARN_64_TO_32_BIT_CONVERSION = YES;
				GCC_WARN_ABOUT_RETURN_TYPE = YES_ERROR;
				GCC_WARN_UNDECLARED_SELECTOR = YES;
				GCC_WARN_UNINITIALIZED_AUTOS = YES_AGGRESSIVE;
				GCC_WARN_UNUSED_FUNCTION = YES;
				GCC_WARN_UNUSED_VARIABLE = YES;
				IPHONEOS_DEPLOYMENT_TARGET = 10.1;
				MTL_ENABLE_DEBUG_INFO = NO;
				SDKROOT = iphoneos;
				SWIFT_OPTIMIZATION_LEVEL = "-Owholemodule";
				TARGETED_DEVICE_FAMILY = "1,2";
				VALIDATE_PRODUCT = YES;
			};
			name = Release;
		};
		946C07BA1E7BEA410018B403 /* Debug */ = {
			isa = XCBuildConfiguration;
			baseConfigurationReference = 9F55F9F93D7019F5DB828C77 /* Pods-Swift_DX.debug.xcconfig */;
			buildSettings = {
				ASSETCATALOG_COMPILER_APPICON_NAME = AppIcon;
				DEVELOPMENT_TEAM = US97LM7EXE;
				ENABLE_BITCODE = NO;
				INFOPLIST_FILE = Swift_DX/Info.plist;
				IPHONEOS_DEPLOYMENT_TARGET = 10.0;
				LD_RUNPATH_SEARCH_PATHS = "$(inherited) @executable_path/Frameworks";
				LIBRARY_SEARCH_PATHS = "";
				ONLY_ACTIVE_ARCH = NO;
				OTHER_LDFLAGS = "-all_load";
				PRODUCT_BUNDLE_IDENTIFIER = "com.ibuildtek.Swift-DX";
				PRODUCT_NAME = "$(TARGET_NAME)";
				REEXPORTED_LIBRARY_PATHS = "";
				SWIFT_VERSION = 3.0.1;
				USER_HEADER_SEARCH_PATHS = "$(PODS_ROOT)/**";
			};
			name = Debug;
		};
		946C07BB1E7BEA410018B403 /* Release */ = {
			isa = XCBuildConfiguration;
			baseConfigurationReference = 3AB60C23DFD5E2F8822630B5 /* Pods-Swift_DX.release.xcconfig */;
			buildSettings = {
				ASSETCATALOG_COMPILER_APPICON_NAME = AppIcon;
				DEVELOPMENT_TEAM = US97LM7EXE;
				ENABLE_BITCODE = NO;
				INFOPLIST_FILE = Swift_DX/Info.plist;
				IPHONEOS_DEPLOYMENT_TARGET = 10.0;
				LD_RUNPATH_SEARCH_PATHS = "$(inherited) @executable_path/Frameworks";
				LIBRARY_SEARCH_PATHS = "";
				ONLY_ACTIVE_ARCH = NO;
				OTHER_LDFLAGS = "-all_load";
				PRODUCT_BUNDLE_IDENTIFIER = "com.ibuildtek.Swift-DX";
				PRODUCT_NAME = "$(TARGET_NAME)";
				REEXPORTED_LIBRARY_PATHS = "";
				SWIFT_VERSION = 3.0.1;
				USER_HEADER_SEARCH_PATHS = "$(PODS_ROOT)/**";
			};
			name = Release;
		};
		946C07C01E7BEA410018B403 /* Debug */ = {
			isa = XCBuildConfiguration;
			buildSettings = {
				ALWAYS_EMBED_SWIFT_STANDARD_LIBRARIES = YES;
				INFOPLIST_FILE = Swift_DXUITests/Info.plist;
				LD_RUNPATH_SEARCH_PATHS = "$(inherited) @executable_path/Frameworks @loader_path/Frameworks";
				PRODUCT_BUNDLE_IDENTIFIER = "com.ibuildtek.Swift-DXUITests";
				PRODUCT_NAME = "$(TARGET_NAME)";
				SWIFT_VERSION = 3.0;
				TEST_TARGET_NAME = Swift_DX;
			};
			name = Debug;
		};
		946C07C11E7BEA410018B403 /* Release */ = {
			isa = XCBuildConfiguration;
			buildSettings = {
				ALWAYS_EMBED_SWIFT_STANDARD_LIBRARIES = YES;
				INFOPLIST_FILE = Swift_DXUITests/Info.plist;
				LD_RUNPATH_SEARCH_PATHS = "$(inherited) @executable_path/Frameworks @loader_path/Frameworks";
				PRODUCT_BUNDLE_IDENTIFIER = "com.ibuildtek.Swift-DXUITests";
				PRODUCT_NAME = "$(TARGET_NAME)";
				SWIFT_VERSION = 3.0;
				TEST_TARGET_NAME = Swift_DX;
			};
			name = Release;
		};
/* End XCBuildConfiguration section */

/* Begin XCConfigurationList section */
		946C07891E7BEA410018B403 /* Build configuration list for PBXProject "Swift_DX" */ = {
			isa = XCConfigurationList;
			buildConfigurations = (
				946C07B71E7BEA410018B403 /* Debug */,
				946C07B81E7BEA410018B403 /* Release */,
			);
			defaultConfigurationIsVisible = 0;
			defaultConfigurationName = Release;
		};
		946C07B91E7BEA410018B403 /* Build configuration list for PBXNativeTarget "Swift_DX" */ = {
			isa = XCConfigurationList;
			buildConfigurations = (
				946C07BA1E7BEA410018B403 /* Debug */,
				946C07BB1E7BEA410018B403 /* Release */,
			);
			defaultConfigurationIsVisible = 0;
			defaultConfigurationName = Release;
		};
		946C07BF1E7BEA410018B403 /* Build configuration list for PBXNativeTarget "Swift_DXUITests" */ = {
			isa = XCConfigurationList;
			buildConfigurations = (
				946C07C01E7BEA410018B403 /* Debug */,
				946C07C11E7BEA410018B403 /* Release */,
			);
			defaultConfigurationIsVisible = 0;
			defaultConfigurationName = Release;
		};
/* End XCConfigurationList section */

/* Begin XCVersionGroup section */
		946C07981E7BEA410018B403 /* Swift_DX.xcdatamodeld */ = {
			isa = XCVersionGroup;
			children = (
				946C07991E7BEA410018B403 /* Swift_DX.xcdatamodel */,
			);
			currentVersion = 946C07991E7BEA410018B403 /* Swift_DX.xcdatamodel */;
			path = Swift_DX.xcdatamodeld;
			sourceTree = "<group>";
			versionGroupType = wrapper.xcdatamodel;
		};
/* End XCVersionGroup section */
	};
	rootObject = 946C07861E7BEA410018B403 /* Project object */;
}
